
Microsoft Visual Studio Solution File, Format Version 12.00
# Visual Studio 15
VisualStudioVersion = 15.0.28010.2050
MinimumVisualStudioVersion = 10.0.40219.1
Project("{9A19103F-16F7-4668-BE54-9A1E7A4F7556}") = "FriendlyBoard.Server", "FriendlyBoard.Server.csproj", "{579EFFC6-8066-4626-BBA4-4F7D3E6FB103}"
EndProject
Global
	GlobalSection(SolutionConfigurationPlatforms) = preSolution
		Debug|Any CPU = Debug|Any CPU
		Release|Any CPU = Release|Any CPU
	EndGlobalSection
	GlobalSection(ProjectConfigurationPlatforms) = postSolution
		{579EFFC6-8066-4626-BBA4-4F7D3E6FB103}.Debug|Any CPU.ActiveCfg = Debug|Any CPU
		{579EFFC6-8066-4626-BBA4-4F7D3E6FB103}.Debug|Any CPU.Build.0 = Debug|Any CPU
		{579EFFC6-8066-4626-BBA4-4F7D3E6FB103}.Release|Any CPU.ActiveCfg = Release|Any CPU
		{579EFFC6-8066-4626-BBA4-4F7D3E6FB103}.Release|Any CPU.Build.0 = Release|Any CPU
	EndGlobalSection
	GlobalSection(SolutionProperties) = preSolution
		HideSolutionNode = FALSE
	EndGlobalSection
	GlobalSection(ExtensibilityGlobals) = postSolution
		SolutionGuid = {ABD3E51A-AB06-4BE2-BC54-1B7F0AD6B9BD}
	EndGlobalSection
EndGlobal
